
Microsoft Visual Studio Solution File, Format Version 12.00
# Visual Studio Version 16
VisualStudioVersion = 16.0.32002.261
MinimumVisualStudioVersion = 10.0.40219.1
Project("{FAE04EC0-301F-11D3-BF4B-00C04F79EFBC}") = "Bootstrap1", "Bootstrap1\Bootstrap1.csproj", "{D5A339A4-7F26-4E64-ACE7-3D782D4A63D2}"
EndProject
Global
	GlobalSection(SolutionConfigurationPlatforms) = preSolution
		Debug|Any CPU = Debug|Any CPU
		Release|Any CPU = Release|Any CPU
	EndGlobalSection
	GlobalSection(ProjectConfigurationPlatforms) = postSolution
		{D5A339A4-7F26-4E64-ACE7-3D782D4A63D2}.Debug|Any CPU.ActiveCfg = Debug|Any CPU
		{D5A339A4-7F26-4E64-ACE7-3D782D4A63D2}.Debug|Any CPU.Build.0 = Debug|Any CPU
		{D5A339A4-7F26-4E64-ACE7-3D782D4A63D2}.Release|Any CPU.ActiveCfg = Release|Any CPU
		{D5A339A4-7F26-4E64-ACE7-3D782D4A63D2}.Release|Any CPU.Build.0 = Release|Any CPU
	EndGlobalSection
	GlobalSection(SolutionProperties) = preSolution
		HideSolutionNode = FALSE
	EndGlobalSection
	GlobalSection(ExtensibilityGlobals) = postSolution
		SolutionGuid = {7B20CDD0-678B-410F-9EE2-25A3D7339242}
	EndGlobalSection
EndGlobal
